{
  "name": "convertercsv",
  "version": "1.0.0",
  "lockfileVersion": 3,
  "requires": true,
  "packages": {
    "": {
      "name": "convertercsv",
      "version": "1.0.0",
      "license": "ISC",
      "dependencies": {
        "@json2csv/plainjs": "^6.1.3",
        "@json2csv/transforms": "^6.1.3"
      }
    },
    "node_modules/@json2csv/formatters": {
      "version": "6.1.3",
      "resolved": "https://registry.npmjs.org/@json2csv/formatters/-/formatters-6.1.3.tgz",
      "integrity": "sha512-Yhs6eXTMhSrNFLTuVnhwjgJem2x+z0YZc0YxdCavoDf/tfz6LBVPVVoJPl9tXaCIfPZY9ybRB6sqPQqZTzkNuw=="
    },
    "node_modules/@json2csv/plainjs": {
      "version": "6.1.3",
      "resolved": "https://registry.npmjs.org/@json2csv/plainjs/-/plainjs-6.1.3.tgz",
      "integrity": "sha512-8cH/yVAPt1edDq/2Krr4elS2uJFWAdMQDH+ocuepjyh7lmBHEHv5kU0bqbYpd5ZpKTizshotsKk7KYA3nx4CCw==",
      "dependencies": {
        "@json2csv/formatters": "^6.1.3",
        "@streamparser/json": "^0.0.12",
        "lodash.get": "^4.4.2"
      }
    },
    "node_modules/@json2csv/transforms": {
      "version": "6.1.3",
      "resolved": "https://registry.npmjs.org/@json2csv/transforms/-/transforms-6.1.3.tgz",
      "integrity": "sha512-MwJsNUt68/0B7kdlZOn7R4jn7EXOhNEZ3bwKfYwPtyAM/GD4ctSIazfV69hI+i5jxmIEvizh8rRgU/8/qrjsAA==",
      "dependencies": {
        "lodash.get": "^4.4.2"
      }
    },
    "node_modules/@streamparser/json": {
      "version": "0.0.12",
      "resolved": "https://registry.npmjs.org/@streamparser/json/-/json-0.0.12.tgz",
      "integrity": "sha512-+kmRpd+EeTFd3qNt1AoKphJqbAN26ZDsbiwqjBFeoAmdCyiUO19xMXPtYi9vovAj9a7OAJnvWtiHkwwjU2Fx4Q=="
    },
    "node_modules/lodash.get": {
      "version": "4.4.2",
      "resolved": "https://registry.npmjs.org/lodash.get/-/lodash.get-4.4.2.tgz",
      "integrity": "sha512-z+Uw/vLuy6gQe8cfaFWD7p0wVv8fJl3mbzXh33RS+0oW2wvUqiRXiQ69gLWSLpgB5/6sU+r6BlQR0MBILadqTQ=="
    }
  }
}
